
Microsoft Visual Studio Solution File, Format Version 12.00
# Visual Studio 14
VisualStudioVersion = 14.0.25420.1
MinimumVisualStudioVersion = 10.0.40219.1
Project("{FAE04EC0-301F-11D3-BF4B-00C04F79EFBC}") = "MenuForms", "MenuForms\MenuForms\MenuForms.csproj", "{DE9BB618-67CC-40E1-B629-F9BD768AA0DD}"
EndProject
Project("{FAE04EC0-301F-11D3-BF4B-00C04F79EFBC}") = "MenuForms.Droid", "MenuForms\MenuForms.Droid\MenuForms.Droid.csproj", "{2AB39E48-65A2-4BCD-87C5-9D9B2319FDDF}"
EndProject
Project("{FAE04EC0-301F-11D3-BF4B-00C04F79EFBC}") = "MenuForms.iOS", "MenuForms\MenuForms.iOS\MenuForms.iOS.csproj", "{B86A6425-015B-4BA3-BB91-1CF4CF391E9F}"
EndProject
Project("{FAE04EC0-301F-11D3-BF4B-00C04F79EFBC}") = "MenuForms.WinPhone", "MenuForms\MenuForms.WinPhone\MenuForms.WinPhone.csproj", "{C11146E1-3C6B-496E-995D-9E41BC79FEBF}"
EndProject
Project("{FAE04EC0-301F-11D3-BF4B-00C04F79EFBC}") = "MenuForms.UWP", "MenuForms\MenuForms.UWP\MenuForms.UWP.csproj", "{B137E088-8D34-4BA1-B0B8-96A7D6A7268D}"
EndProject
Project("{FAE04EC0-301F-11D3-BF4B-00C04F79EFBC}") = "MenuForms.Windows", "MenuForms\MenuForms.Windows\MenuForms.Windows.csproj", "{F9D52B70-3290-472D-889C-58835453AF40}"
EndProject
Global
	GlobalSection(SolutionConfigurationPlatforms) = preSolution
		Ad-Hoc|Any CPU = Ad-Hoc|Any CPU
		Ad-Hoc|ARM = Ad-Hoc|ARM
		Ad-Hoc|iPhone = Ad-Hoc|iPhone
		Ad-Hoc|iPhoneSimulator = Ad-Hoc|iPhoneSimulator
		Ad-Hoc|x64 = Ad-Hoc|x64
		Ad-Hoc|x86 = Ad-Hoc|x86
		AppStore|Any CPU = AppStore|Any CPU
		AppStore|ARM = AppStore|ARM
		AppStore|iPhone = AppStore|iPhone
		AppStore|iPhoneSimulator = AppStore|iPhoneSimulator
		AppStore|x64 = AppStore|x64
		AppStore|x86 = AppStore|x86
		Debug|Any CPU = Debug|Any CPU
		Debug|ARM = Debug|ARM
		Debug|iPhone = Debug|iPhone
		Debug|iPhoneSimulator = Debug|iPhoneSimulator
		Debug|x64 = Debug|x64
		Debug|x86 = Debug|x86
		Release|Any CPU = Release|Any CPU
		Release|ARM = Release|ARM
		Release|iPhone = Release|iPhone
		Release|iPhoneSimulator = Release|iPhoneSimulator
		Release|x64 = Release|x64
		Release|x86 = Release|x86
	EndGlobalSection
	GlobalSection(ProjectConfigurationPlatforms) = postSolution
		{DE9BB618-67CC-40E1-B629-F9BD768AA0DD}.Ad-Hoc|Any CPU.ActiveCfg = Release|Any CPU
		{DE9BB618-67CC-40E1-B629-F9BD768AA0DD}.Ad-Hoc|Any CPU.Build.0 = Release|Any CPU
		{DE9BB618-67CC-40E1-B629-F9BD768AA0DD}.Ad-Hoc|ARM.ActiveCfg = Release|Any CPU
		{DE9BB618-67CC-40E1-B629-F9BD768AA0DD}.Ad-Hoc|ARM.Build.0 = Release|Any CPU
		{DE9BB618-67CC-40E1-B629-F9BD768AA0DD}.Ad-Hoc|iPhone.ActiveCfg = Release|Any CPU
		{DE9BB618-67CC-40E1-B629-F9BD768AA0DD}.Ad-Hoc|iPhone.Build.0 = Release|Any CPU
		{DE9BB618-67CC-40E1-B629-F9BD768AA0DD}.Ad-Hoc|iPhoneSimulator.ActiveCfg = Release|Any CPU
		{DE9BB618-67CC-40E1-B629-F9BD768AA0DD}.Ad-Hoc|iPhoneSimulator.Build.0 = Release|Any CPU
		{DE9BB618-67CC-40E1-B629-F9BD768AA0DD}.Ad-Hoc|x64.ActiveCfg = Release|Any CPU
		{DE9BB618-67CC-40E1-B629-F9BD768AA0DD}.Ad-Hoc|x64.Build.0 = Release|Any CPU
		{DE9BB618-67CC-40E1-B629-F9BD768AA0DD}.Ad-Hoc|x86.ActiveCfg = Release|Any CPU
		{DE9BB618-67CC-40E1-B629-F9BD768AA0DD}.Ad-Hoc|x86.Build.0 = Release|Any CPU
		{DE9BB618-67CC-40E1-B629-F9BD768AA0DD}.AppStore|Any CPU.ActiveCfg = Release|Any CPU
		{DE9BB618-67CC-40E1-B629-F9BD768AA0DD}.AppStore|Any CPU.Build.0 = Release|Any CPU
		{DE9BB618-67CC-40E1-B629-F9BD768AA0DD}.AppStore|ARM.ActiveCfg = Release|Any CPU
		{DE9BB618-67CC-40E1-B629-F9BD768AA0DD}.AppStore|ARM.Build.0 = Release|Any CPU
		{DE9BB618-67CC-40E1-B629-F9BD768AA0DD}.AppStore|iPhone.ActiveCfg = Release|Any CPU
		{DE9BB618-67CC-40E1-B629-F9BD768AA0DD}.AppStore|iPhone.Build.0 = Release|Any CPU
		{DE9BB618-67CC-40E1-B629-F9BD768AA0DD}.AppStore|iPhoneSimulator.ActiveCfg = Release|Any CPU
		{DE9BB618-67CC-40E1-B629-F9BD768AA0DD}.AppStore|iPhoneSimulator.Build.0 = Release|Any CPU
		{DE9BB618-67CC-40E1-B629-F9BD768AA0DD}.AppStore|x64.ActiveCfg = Release|Any CPU
		{DE9BB618-67CC-40E1-B629-F9BD768AA0DD}.AppStore|x64.Build.0 = Release|Any CPU
		{DE9BB618-67CC-40E1-B629-F9BD768AA0DD}.AppStore|x86.ActiveCfg = Release|Any CPU
		{DE9BB618-67CC-40E1-B629-F9BD768AA0DD}.AppStore|x86.Build.0 = Release|Any CPU
		{DE9BB618-67CC-40E1-B629-F9BD768AA0DD}.Debug|Any CPU.ActiveCfg = Debug|Any CPU
		{DE9BB618-67CC-40E1-B629-F9BD768AA0DD}.Debug|Any CPU.Build.0 = Debug|Any CPU
		{DE9BB618-67CC-40E1-B629-F9BD768AA0DD}.Debug|ARM.ActiveCfg = Debug|Any CPU
		{DE9BB618-67CC-40E1-B629-F9BD768AA0DD}.Debug|ARM.Build.0 = Debug|Any CPU
		{DE9BB618-67CC-40E1-B629-F9BD768AA0DD}.Debug|iPhone.ActiveCfg = Debug|Any CPU
		{DE9BB618-67CC-40E1-B629-F9BD768AA0DD}.Debug|iPhone.Build.0 = Debug|Any CPU
		{DE9BB618-67CC-40E1-B629-F9BD768AA0DD}.Debug|iPhoneSimulator.ActiveCfg = Debug|Any CPU
		{DE9BB618-67CC-40E1-B629-F9BD768AA0DD}.Debug|iPhoneSimulator.Build.0 = Debug|Any CPU
		{DE9BB618-67CC-40E1-B629-F9BD768AA0DD}.Debug|x64.ActiveCfg = Debug|Any CPU
		{DE9BB618-67CC-40E1-B629-F9BD768AA0DD}.Debug|x64.Build.0 = Debug|Any CPU
		{DE9BB618-67CC-40E1-B629-F9BD768AA0DD}.Debug|x86.ActiveCfg = Debug|Any CPU
		{DE9BB618-67CC-40E1-B629-F9BD768AA0DD}.Debug|x86.Build.0 = Debug|Any CPU
		{DE9BB618-67CC-40E1-B629-F9BD768AA0DD}.Release|Any CPU.ActiveCfg = Release|Any CPU
		{DE9BB618-67CC-40E1-B629-F9BD768AA0DD}.Release|Any CPU.Build.0 = Release|Any CPU
		{DE9BB618-67CC-40E1-B629-F9BD768AA0DD}.Release|ARM.ActiveCfg = Release|Any CPU
		{DE9BB618-67CC-40E1-B629-F9BD768AA0DD}.Release|ARM.Build.0 = Release|Any CPU
		{DE9BB618-67CC-40E1-B629-F9BD768AA0DD}.Release|iPhone.ActiveCfg = Release|Any CPU
		{DE9BB618-67CC-40E1-B629-F9BD768AA0DD}.Release|iPhone.Build.0 = Release|Any CPU
		{DE9BB618-67CC-40E1-B629-F9BD768AA0DD}.Release|iPhoneSimulator.ActiveCfg = Release|Any CPU
		{DE9BB618-67CC-40E1-B629-F9BD768AA0DD}.Release|iPhoneSimulator.Build.0 = Release|Any CPU
		{DE9BB618-67CC-40E1-B629-F9BD768AA0DD}.Release|x64.ActiveCfg = Release|Any CPU
		{DE9BB618-67CC-40E1-B629-F9BD768AA0DD}.Release|x64.Build.0 = Release|Any CPU
		{DE9BB618-67CC-40E1-B629-F9BD768AA0DD}.Release|x86.ActiveCfg = Release|Any CPU
		{DE9BB618-67CC-40E1-B629-F9BD768AA0DD}.Release|x86.Build.0 = Release|Any CPU
		{2AB39E48-65A2-4BCD-87C5-9D9B2319FDDF}.Ad-Hoc|Any CPU.ActiveCfg = Release|Any CPU
		{2AB39E48-65A2-4BCD-87C5-9D9B2319FDDF}.Ad-Hoc|Any CPU.Build.0 = Release|Any CPU
		{2AB39E48-65A2-4BCD-87C5-9D9B2319FDDF}.Ad-Hoc|Any CPU.Deploy.0 = Release|Any CPU
		{2AB39E48-65A2-4BCD-87C5-9D9B2319FDDF}.Ad-Hoc|ARM.ActiveCfg = Release|Any CPU
		{2AB39E48-65A2-4BCD-87C5-9D9B2319FDDF}.Ad-Hoc|ARM.Build.0 = Release|Any CPU
		{2AB39E48-65A2-4BCD-87C5-9D9B2319FDDF}.Ad-Hoc|ARM.Deploy.0 = Release|Any CPU
		{2AB39E48-65A2-4BCD-87C5-9D9B2319FDDF}.Ad-Hoc|iPhone.ActiveCfg = Release|Any CPU
		{2AB39E48-65A2-4BCD-87C5-9D9B2319FDDF}.Ad-Hoc|iPhone.Build.0 = Release|Any CPU
		{2AB39E48-65A2-4BCD-87C5-9D9B2319FDDF}.Ad-Hoc|iPhone.Deploy.0 = Release|Any CPU
		{2AB39E48-65A2-4BCD-87C5-9D9B2319FDDF}.Ad-Hoc|iPhoneSimulator.ActiveCfg = Release|Any CPU
		{2AB39E48-65A2-4BCD-87C5-9D9B2319FDDF}.Ad-Hoc|iPhoneSimulator.Build.0 = Release|Any CPU
		{2AB39E48-65A2-4BCD-87C5-9D9B2319FDDF}.Ad-Hoc|iPhoneSimulator.Deploy.0 = Release|Any CPU
		{2AB39E48-65A2-4BCD-87C5-9D9B2319FDDF}.Ad-Hoc|x64.ActiveCfg = Release|Any CPU
		{2AB39E48-65A2-4BCD-87C5-9D9B2319FDDF}.Ad-Hoc|x64.Build.0 = Release|Any CPU
		{2AB39E48-65A2-4BCD-87C5-9D9B2319FDDF}.Ad-Hoc|x64.Deploy.0 = Release|Any CPU
		{2AB39E48-65A2-4BCD-87C5-9D9B2319FDDF}.Ad-Hoc|x86.ActiveCfg = Release|Any CPU
		{2AB39E48-65A2-4BCD-87C5-9D9B2319FDDF}.Ad-Hoc|x86.Build.0 = Release|Any CPU
		{2AB39E48-65A2-4BCD-87C5-9D9B2319FDDF}.Ad-Hoc|x86.Deploy.0 = Release|Any CPU
		{2AB39E48-65A2-4BCD-87C5-9D9B2319FDDF}.AppStore|Any CPU.ActiveCfg = Release|Any CPU
		{2AB39E48-65A2-4BCD-87C5-9D9B2319FDDF}.AppStore|Any CPU.Build.0 = Release|Any CPU
		{2AB39E48-65A2-4BCD-87C5-9D9B2319FDDF}.AppStore|Any CPU.Deploy.0 = Release|Any CPU
		{2AB39E48-65A2-4BCD-87C5-9D9B2319FDDF}.AppStore|ARM.ActiveCfg = Release|Any CPU
		{2AB39E48-65A2-4BCD-87C5-9D9B2319FDDF}.AppStore|ARM.Build.0 = Release|Any CPU
		{2AB39E48-65A2-4BCD-87C5-9D9B2319FDDF}.AppStore|ARM.Deploy.0 = Release|Any CPU
		{2AB39E48-65A2-4BCD-87C5-9D9B2319FDDF}.AppStore|iPhone.ActiveCfg = Release|Any CPU
		{2AB39E48-65A2-4BCD-87C5-9D9B2319FDDF}.AppStore|iPhone.Build.0 = Release|Any CPU
		{2AB39E48-65A2-4BCD-87C5-9D9B2319FDDF}.AppStore|iPhone.Deploy.0 = Release|Any CPU
		{2AB39E48-65A2-4BCD-87C5-9D9B2319FDDF}.AppStore|iPhoneSimulator.ActiveCfg = Release|Any CPU
		{2AB39E48-65A2-4BCD-87C5-9D9B2319FDDF}.AppStore|iPhoneSimulator.Build.0 = Release|Any CPU
		{2AB39E48-65A2-4BCD-87C5-9D9B2319FDDF}.AppStore|iPhoneSimulator.Deploy.0 = Release|Any CPU
		{2AB39E48-65A2-4BCD-87C5-9D9B2319FDDF}.AppStore|x64.ActiveCfg = Release|Any CPU
		{2AB39E48-65A2-4BCD-87C5-9D9B2319FDDF}.AppStore|x64.Build.0 = Release|Any CPU
		{2AB39E48-65A2-4BCD-87C5-9D9B2319FDDF}.AppStore|x64.Deploy.0 = Release|Any CPU
		{2AB39E48-65A2-4BCD-87C5-9D9B2319FDDF}.AppStore|x86.ActiveCfg = Release|Any CPU
		{2AB39E48-65A2-4BCD-87C5-9D9B2319FDDF}.AppStore|x86.Build.0 = Release|Any CPU
		{2AB39E48-65A2-4BCD-87C5-9D9B2319FDDF}.AppStore|x86.Deploy.0 = Release|Any CPU
		{2AB39E48-65A2-4BCD-87C5-9D9B2319FDDF}.Debug|Any CPU.ActiveCfg = Debug|Any CPU
		{2AB39E48-65A2-4BCD-87C5-9D9B2319FDDF}.Debug|Any CPU.Build.0 = Debug|Any CPU
		{2AB39E48-65A2-4BCD-87C5-9D9B2319FDDF}.Debug|Any CPU.Deploy.0 = Debug|Any CPU
		{2AB39E48-65A2-4BCD-87C5-9D9B2319FDDF}.Debug|ARM.ActiveCfg = Debug|Any CPU
		{2AB39E48-65A2-4BCD-87C5-9D9B2319FDDF}.Debug|ARM.Build.0 = Debug|Any CPU
		{2AB39E48-65A2-4BCD-87C5-9D9B2319FDDF}.Debug|ARM.Deploy.0 = Debug|Any CPU
		{2AB39E48-65A2-4BCD-87C5-9D9B2319FDDF}.Debug|iPhone.ActiveCfg = Debug|Any CPU
		{2AB39E48-65A2-4BCD-87C5-9D9B2319FDDF}.Debug|iPhone.Build.0 = Debug|Any CPU
		{2AB39E48-65A2-4BCD-87C5-9D9B2319FDDF}.Debug|iPhone.Deploy.0 = Debug|Any CPU
		{2AB39E48-65A2-4BCD-87C5-9D9B2319FDDF}.Debug|iPhoneSimulator.ActiveCfg = Debug|Any CPU
		{2AB39E48-65A2-4BCD-87C5-9D9B2319FDDF}.Debug|iPhoneSimulator.Build.0 = Debug|Any CPU
		{2AB39E48-65A2-4BCD-87C5-9D9B2319FDDF}.Debug|iPhoneSimulator.Deploy.0 = Debug|Any CPU
		{2AB39E48-65A2-4BCD-87C5-9D9B2319FDDF}.Debug|x64.ActiveCfg = Debug|Any CPU
		{2AB39E48-65A2-4BCD-87C5-9D9B2319FDDF}.Debug|x64.Build.0 = Debug|Any CPU
		{2AB39E48-65A2-4BCD-87C5-9D9B2319FDDF}.Debug|x64.Deploy.0 = Debug|Any CPU
		{2AB39E48-65A2-4BCD-87C5-9D9B2319FDDF}.Debug|x86.ActiveCfg = Debug|Any CPU
		{2AB39E48-65A2-4BCD-87C5-9D9B2319FDDF}.Debug|x86.Build.0 = Debug|Any CPU
		{2AB39E48-65A2-4BCD-87C5-9D9B2319FDDF}.Debug|x86.Deploy.0 = Debug|Any CPU
		{2AB39E48-65A2-4BCD-87C5-9D9B2319FDDF}.Release|Any CPU.ActiveCfg = Release|Any CPU
		{2AB39E48-65A2-4BCD-87C5-9D9B2319FDDF}.Release|Any CPU.Build.0 = Release|Any CPU
		{2AB39E48-65A2-4BCD-87C5-9D9B2319FDDF}.Release|Any CPU.Deploy.0 = Release|Any CPU
		{2AB39E48-65A2-4BCD-87C5-9D9B2319FDDF}.Release|ARM.ActiveCfg = Release|Any CPU
		{2AB39E48-65A2-4BCD-87C5-9D9B2319FDDF}.Release|ARM.Build.0 = Release|Any CPU
		{2AB39E48-65A2-4BCD-87C5-9D9B2319FDDF}.Release|ARM.Deploy.0 = Release|Any CPU
		{2AB39E48-65A2-4BCD-87C5-9D9B2319FDDF}.Release|iPhone.ActiveCfg = Release|Any CPU
		{2AB39E48-65A2-4BCD-87C5-9D9B2319FDDF}.Release|iPhone.Build.0 = Release|Any CPU
		{2AB39E48-65A2-4BCD-87C5-9D9B2319FDDF}.Release|iPhone.Deploy.0 = Release|Any CPU
		{2AB39E48-65A2-4BCD-87C5-9D9B2319FDDF}.Release|iPhoneSimulator.ActiveCfg = Release|Any CPU
		{2AB39E48-65A2-4BCD-87C5-9D9B2319FDDF}.Release|iPhoneSimulator.Build.0 = Release|Any CPU
		{2AB39E48-65A2-4BCD-87C5-9D9B2319FDDF}.Release|iPhoneSimulator.Deploy.0 = Release|Any CPU
		{2AB39E48-65A2-4BCD-87C5-9D9B2319FDDF}.Release|x64.ActiveCfg = Release|Any CPU
		{2AB39E48-65A2-4BCD-87C5-9D9B2319FDDF}.Release|x64.Build.0 = Release|Any CPU
		{2AB39E48-65A2-4BCD-87C5-9D9B2319FDDF}.Release|x64.Deploy.0 = Release|Any CPU
		{2AB39E48-65A2-4BCD-87C5-9D9B2319FDDF}.Release|x86.ActiveCfg = Release|Any CPU
		{2AB39E48-65A2-4BCD-87C5-9D9B2319FDDF}.Release|x86.Build.0 = Release|Any CPU
		{2AB39E48-65A2-4BCD-87C5-9D9B2319FDDF}.Release|x86.Deploy.0 = Release|Any CPU
		{B86A6425-015B-4BA3-BB91-1CF4CF391E9F}.Ad-Hoc|Any CPU.ActiveCfg = Ad-Hoc|iPhone
		{B86A6425-015B-4BA3-BB91-1CF4CF391E9F}.Ad-Hoc|ARM.ActiveCfg = Ad-Hoc|iPhone
		{B86A6425-015B-4BA3-BB91-1CF4CF391E9F}.Ad-Hoc|iPhone.ActiveCfg = Ad-Hoc|iPhone
		{B86A6425-015B-4BA3-BB91-1CF4CF391E9F}.Ad-Hoc|iPhone.Build.0 = Ad-Hoc|iPhone
		{B86A6425-015B-4BA3-BB91-1CF4CF391E9F}.Ad-Hoc|iPhoneSimulator.ActiveCfg = Ad-Hoc|iPhoneSimulator
		{B86A6425-015B-4BA3-BB91-1CF4CF391E9F}.Ad-Hoc|iPhoneSimulator.Build.0 = Ad-Hoc|iPhoneSimulator
		{B86A6425-015B-4BA3-BB91-1CF4CF391E9F}.Ad-Hoc|x64.ActiveCfg = Ad-Hoc|iPhone
		{B86A6425-015B-4BA3-BB91-1CF4CF391E9F}.Ad-Hoc|x86.ActiveCfg = Ad-Hoc|iPhone
		{B86A6425-015B-4BA3-BB91-1CF4CF391E9F}.AppStore|Any CPU.ActiveCfg = AppStore|iPhone
		{B86A6425-015B-4BA3-BB91-1CF4CF391E9F}.AppStore|ARM.ActiveCfg = AppStore|iPhone
		{B86A6425-015B-4BA3-BB91-1CF4CF391E9F}.AppStore|iPhone.ActiveCfg = AppStore|iPhone
		{B86A6425-015B-4BA3-BB91-1CF4CF391E9F}.AppStore|iPhone.Build.0 = AppStore|iPhone
		{B86A6425-015B-4BA3-BB91-1CF4CF391E9F}.AppStore|iPhoneSimulator.ActiveCfg = AppStore|iPhoneSimulator
		{B86A6425-015B-4BA3-BB91-1CF4CF391E9F}.AppStore|iPhoneSimulator.Build.0 = AppStore|iPhoneSimulator
		{B86A6425-015B-4BA3-BB91-1CF4CF391E9F}.AppStore|x64.ActiveCfg = AppStore|iPhone
		{B86A6425-015B-4BA3-BB91-1CF4CF391E9F}.AppStore|x86.ActiveCfg = AppStore|iPhone
		{B86A6425-015B-4BA3-BB91-1CF4CF391E9F}.Debug|Any CPU.ActiveCfg = Debug|iPhone
		{B86A6425-015B-4BA3-BB91-1CF4CF391E9F}.Debug|ARM.ActiveCfg = Debug|iPhone
		{B86A6425-015B-4BA3-BB91-1CF4CF391E9F}.Debug|iPhone.ActiveCfg = Debug|iPhone
		{B86A6425-015B-4BA3-BB91-1CF4CF391E9F}.Debug|iPhone.Build.0 = Debug|iPhone
		{B86A6425-015B-4BA3-BB91-1CF4CF391E9F}.Debug|iPhoneSimulator.ActiveCfg = Debug|iPhoneSimulator
		{B86A6425-015B-4BA3-BB91-1CF4CF391E9F}.Debug|iPhoneSimulator.Build.0 = Debug|iPhoneSimulator
		{B86A6425-015B-4BA3-BB91-1CF4CF391E9F}.Debug|x64.ActiveCfg = Debug|iPhone
		{B86A6425-015B-4BA3-BB91-1CF4CF391E9F}.Debug|x86.ActiveCfg = Debug|iPhone
		{B86A6425-015B-4BA3-BB91-1CF4CF391E9F}.Release|Any CPU.ActiveCfg = Release|iPhone
		{B86A6425-015B-4BA3-BB91-1CF4CF391E9F}.Release|ARM.ActiveCfg = Release|iPhone
		{B86A6425-015B-4BA3-BB91-1CF4CF391E9F}.Release|iPhone.ActiveCfg = Release|iPhone
		{B86A6425-015B-4BA3-BB91-1CF4CF391E9F}.Release|iPhone.Build.0 = Release|iPhone
		{B86A6425-015B-4BA3-BB91-1CF4CF391E9F}.Release|iPhoneSimulator.ActiveCfg = Release|iPhoneSimulator
		{B86A6425-015B-4BA3-BB91-1CF4CF391E9F}.Release|iPhoneSimulator.Build.0 = Release|iPhoneSimulator
		{B86A6425-015B-4BA3-BB91-1CF4CF391E9F}.Release|x64.ActiveCfg = Release|iPhone
		{B86A6425-015B-4BA3-BB91-1CF4CF391E9F}.Release|x86.ActiveCfg = Release|iPhone
		{C11146E1-3C6B-496E-995D-9E41BC79FEBF}.Ad-Hoc|Any CPU.ActiveCfg = Release|Any CPU
		{C11146E1-3C6B-496E-995D-9E41BC79FEBF}.Ad-Hoc|Any CPU.Build.0 = Release|Any CPU
		{C11146E1-3C6B-496E-995D-9E41BC79FEBF}.Ad-Hoc|Any CPU.Deploy.0 = Release|Any CPU
		{C11146E1-3C6B-496E-995D-9E41BC79FEBF}.Ad-Hoc|ARM.ActiveCfg = Release|ARM
		{C11146E1-3C6B-496E-995D-9E41BC79FEBF}.Ad-Hoc|ARM.Build.0 = Release|ARM
		{C11146E1-3C6B-496E-995D-9E41BC79FEBF}.Ad-Hoc|ARM.Deploy.0 = Release|ARM
		{C11146E1-3C6B-496E-995D-9E41BC79FEBF}.Ad-Hoc|iPhone.ActiveCfg = Release|Any CPU
		{C11146E1-3C6B-496E-995D-9E41BC79FEBF}.Ad-Hoc|iPhone.Build.0 = Release|Any CPU
		{C11146E1-3C6B-496E-995D-9E41BC79FEBF}.Ad-Hoc|iPhone.Deploy.0 = Release|Any CPU
		{C11146E1-3C6B-496E-995D-9E41BC79FEBF}.Ad-Hoc|iPhoneSimulator.ActiveCfg = Release|Any CPU
		{C11146E1-3C6B-496E-995D-9E41BC79FEBF}.Ad-Hoc|iPhoneSimulator.Build.0 = Release|Any CPU
		{C11146E1-3C6B-496E-995D-9E41BC79FEBF}.Ad-Hoc|iPhoneSimulator.Deploy.0 = Release|Any CPU
		{C11146E1-3C6B-496E-995D-9E41BC79FEBF}.Ad-Hoc|x64.ActiveCfg = Release|Any CPU
		{C11146E1-3C6B-496E-995D-9E41BC79FEBF}.Ad-Hoc|x64.Build.0 = Release|Any CPU
		{C11146E1-3C6B-496E-995D-9E41BC79FEBF}.Ad-Hoc|x64.Deploy.0 = Release|Any CPU
		{C11146E1-3C6B-496E-995D-9E41BC79FEBF}.Ad-Hoc|x86.ActiveCfg = Release|x86
		{C11146E1-3C6B-496E-995D-9E41BC79FEBF}.Ad-Hoc|x86.Build.0 = Release|x86
		{C11146E1-3C6B-496E-995D-9E41BC79FEBF}.Ad-Hoc|x86.Deploy.0 = Release|x86
		{C11146E1-3C6B-496E-995D-9E41BC79FEBF}.AppStore|Any CPU.ActiveCfg = Release|Any CPU
		{C11146E1-3C6B-496E-995D-9E41BC79FEBF}.AppStore|Any CPU.Build.0 = Release|Any CPU
		{C11146E1-3C6B-496E-995D-9E41BC79FEBF}.AppStore|Any CPU.Deploy.0 = Release|Any CPU
		{C11146E1-3C6B-496E-995D-9E41BC79FEBF}.AppStore|ARM.ActiveCfg = Release|ARM
		{C11146E1-3C6B-496E-995D-9E41BC79FEBF}.AppStore|ARM.Build.0 = Release|ARM
		{C11146E1-3C6B-496E-995D-9E41BC79FEBF}.AppStore|ARM.Deploy.0 = Release|ARM
		{C11146E1-3C6B-496E-995D-9E41BC79FEBF}.AppStore|iPhone.ActiveCfg = Release|Any CPU
		{C11146E1-3C6B-496E-995D-9E41BC79FEBF}.AppStore|iPhone.Build.0 = Release|Any CPU
		{C11146E1-3C6B-496E-995D-9E41BC79FEBF}.AppStore|iPhone.Deploy.0 = Release|Any CPU
		{C11146E1-3C6B-496E-995D-9E41BC79FEBF}.AppStore|iPhoneSimulator.ActiveCfg = Release|Any CPU
		{C11146E1-3C6B-496E-995D-9E41BC79FEBF}.AppStore|iPhoneSimulator.Build.0 = Release|Any CPU
		{C11146E1-3C6B-496E-995D-9E41BC79FEBF}.AppStore|iPhoneSimulator.Deploy.0 = Release|Any CPU
		{C11146E1-3C6B-496E-995D-9E41BC79FEBF}.AppStore|x64.ActiveCfg = Release|Any CPU
		{C11146E1-3C6B-496E-995D-9E41BC79FEBF}.AppStore|x64.Build.0 = Release|Any CPU
		{C11146E1-3C6B-496E-995D-9E41BC79FEBF}.AppStore|x64.Deploy.0 = Release|Any CPU
		{C11146E1-3C6B-496E-995D-9E41BC79FEBF}.AppStore|x86.ActiveCfg = Release|x86
		{C11146E1-3C6B-496E-995D-9E41BC79FEBF}.AppStore|x86.Build.0 = Release|x86
		{C11146E1-3C6B-496E-995D-9E41BC79FEBF}.AppStore|x86.Deploy.0 = Release|x86
		{C11146E1-3C6B-496E-995D-9E41BC79FEBF}.Debug|Any CPU.ActiveCfg = Debug|Any CPU
		{C11146E1-3C6B-496E-995D-9E41BC79FEBF}.Debug|Any CPU.Build.0 = Debug|Any CPU
		{C11146E1-3C6B-496E-995D-9E41BC79FEBF}.Debug|Any CPU.Deploy.0 = Debug|Any CPU
		{C11146E1-3C6B-496E-995D-9E41BC79FEBF}.Debug|ARM.ActiveCfg = Debug|ARM
		{C11146E1-3C6B-496E-995D-9E41BC79FEBF}.Debug|ARM.Build.0 = Debug|ARM
		{C11146E1-3C6B-496E-995D-9E41BC79FEBF}.Debug|ARM.Deploy.0 = Debug|ARM
		{C11146E1-3C6B-496E-995D-9E41BC79FEBF}.Debug|iPhone.ActiveCfg = Debug|Any CPU
		{C11146E1-3C6B-496E-995D-9E41BC79FEBF}.Debug|iPhone.Build.0 = Debug|Any CPU
		{C11146E1-3C6B-496E-995D-9E41BC79FEBF}.Debug|iPhone.Deploy.0 = Debug|Any CPU
		{C11146E1-3C6B-496E-995D-9E41BC79FEBF}.Debug|iPhoneSimulator.ActiveCfg = Debug|Any CPU
		{C11146E1-3C6B-496E-995D-9E41BC79FEBF}.Debug|iPhoneSimulator.Build.0 = Debug|Any CPU
		{C11146E1-3C6B-496E-995D-9E41BC79FEBF}.Debug|iPhoneSimulator.Deploy.0 = Debug|Any CPU
		{C11146E1-3C6B-496E-995D-9E41BC79FEBF}.Debug|x64.ActiveCfg = Debug|Any CPU
		{C11146E1-3C6B-496E-995D-9E41BC79FEBF}.Debug|x64.Build.0 = Debug|Any CPU
		{C11146E1-3C6B-496E-995D-9E41BC79FEBF}.Debug|x64.Deploy.0 = Debug|Any CPU
		{C11146E1-3C6B-496E-995D-9E41BC79FEBF}.Debug|x86.ActiveCfg = Debug|x86
		{C11146E1-3C6B-496E-995D-9E41BC79FEBF}.Debug|x86.Build.0 = Debug|x86
		{C11146E1-3C6B-496E-995D-9E41BC79FEBF}.Debug|x86.Deploy.0 = Debug|x86
		{C11146E1-3C6B-496E-995D-9E41BC79FEBF}.Release|Any CPU.ActiveCfg = Release|Any CPU
		{C11146E1-3C6B-496E-995D-9E41BC79FEBF}.Release|Any CPU.Build.0 = Release|Any CPU
		{C11146E1-3C6B-496E-995D-9E41BC79FEBF}.Release|Any CPU.Deploy.0 = Release|Any CPU
		{C11146E1-3C6B-496E-995D-9E41BC79FEBF}.Release|ARM.ActiveCfg = Release|ARM
		{C11146E1-3C6B-496E-995D-9E41BC79FEBF}.Release|ARM.Build.0 = Release|ARM
		{C11146E1-3C6B-496E-995D-9E41BC79FEBF}.Release|ARM.Deploy.0 = Release|ARM
		{C11146E1-3C6B-496E-995D-9E41BC79FEBF}.Release|iPhone.ActiveCfg = Release|Any CPU
		{C11146E1-3C6B-496E-995D-9E41BC79FEBF}.Release|iPhone.Build.0 = Release|Any CPU
		{C11146E1-3C6B-496E-995D-9E41BC79FEBF}.Release|iPhone.Deploy.0 = Release|Any CPU
		{C11146E1-3C6B-496E-995D-9E41BC79FEBF}.Release|iPhoneSimulator.ActiveCfg = Release|Any CPU
		{C11146E1-3C6B-496E-995D-9E41BC79FEBF}.Release|iPhoneSimulator.Build.0 = Release|Any CPU
		{C11146E1-3C6B-496E-995D-9E41BC79FEBF}.Release|iPhoneSimulator.Deploy.0 = Release|Any CPU
		{C11146E1-3C6B-496E-995D-9E41BC79FEBF}.Release|x64.ActiveCfg = Release|Any CPU
		{C11146E1-3C6B-496E-995D-9E41BC79FEBF}.Release|x64.Build.0 = Release|Any CPU
		{C11146E1-3C6B-496E-995D-9E41BC79FEBF}.Release|x64.Deploy.0 = Release|Any CPU
		{C11146E1-3C6B-496E-995D-9E41BC79FEBF}.Release|x86.ActiveCfg = Release|x86
		{C11146E1-3C6B-496E-995D-9E41BC79FEBF}.Release|x86.Build.0 = Release|x86
		{C11146E1-3C6B-496E-995D-9E41BC79FEBF}.Release|x86.Deploy.0 = Release|x86
		{B137E088-8D34-4BA1-B0B8-96A7D6A7268D}.Ad-Hoc|Any CPU.ActiveCfg = Release|x86
		{B137E088-8D34-4BA1-B0B8-96A7D6A7268D}.Ad-Hoc|Any CPU.Build.0 = Release|x86
		{B137E088-8D34-4BA1-B0B8-96A7D6A7268D}.Ad-Hoc|Any CPU.Deploy.0 = Release|x86
		{B137E088-8D34-4BA1-B0B8-96A7D6A7268D}.Ad-Hoc|ARM.ActiveCfg = Release|ARM
		{B137E088-8D34-4BA1-B0B8-96A7D6A7268D}.Ad-Hoc|ARM.Build.0 = Release|ARM
		{B137E088-8D34-4BA1-B0B8-96A7D6A7268D}.Ad-Hoc|ARM.Deploy.0 = Release|ARM
		{B137E088-8D34-4BA1-B0B8-96A7D6A7268D}.Ad-Hoc|iPhone.ActiveCfg = Release|x86
		{B137E088-8D34-4BA1-B0B8-96A7D6A7268D}.Ad-Hoc|iPhone.Build.0 = Release|x86
		{B137E088-8D34-4BA1-B0B8-96A7D6A7268D}.Ad-Hoc|iPhone.Deploy.0 = Release|x86
		{B137E088-8D34-4BA1-B0B8-96A7D6A7268D}.Ad-Hoc|iPhoneSimulator.ActiveCfg = Release|x86
		{B137E088-8D34-4BA1-B0B8-96A7D6A7268D}.Ad-Hoc|iPhoneSimulator.Build.0 = Release|x86
		{B137E088-8D34-4BA1-B0B8-96A7D6A7268D}.Ad-Hoc|iPhoneSimulator.Deploy.0 = Release|x86
		{B137E088-8D34-4BA1-B0B8-96A7D6A7268D}.Ad-Hoc|x64.ActiveCfg = Release|x64
		{B137E088-8D34-4BA1-B0B8-96A7D6A7268D}.Ad-Hoc|x64.Build.0 = Release|x64
		{B137E088-8D34-4BA1-B0B8-96A7D6A7268D}.Ad-Hoc|x64.Deploy.0 = Release|x64
		{B137E088-8D34-4BA1-B0B8-96A7D6A7268D}.Ad-Hoc|x86.ActiveCfg = Release|x86
		{B137E088-8D34-4BA1-B0B8-96A7D6A7268D}.Ad-Hoc|x86.Build.0 = Release|x86
		{B137E088-8D34-4BA1-B0B8-96A7D6A7268D}.Ad-Hoc|x86.Deploy.0 = Release|x86
		{B137E088-8D34-4BA1-B0B8-96A7D6A7268D}.AppStore|Any CPU.ActiveCfg = Release|x86
		{B137E088-8D34-4BA1-B0B8-96A7D6A7268D}.AppStore|Any CPU.Build.0 = Release|x86
		{B137E088-8D34-4BA1-B0B8-96A7D6A7268D}.AppStore|Any CPU.Deploy.0 = Release|x86
		{B137E088-8D34-4BA1-B0B8-96A7D6A7268D}.AppStore|ARM.ActiveCfg = Release|ARM
		{B137E088-8D34-4BA1-B0B8-96A7D6A7268D}.AppStore|ARM.Build.0 = Release|ARM
		{B137E088-8D34-4BA1-B0B8-96A7D6A7268D}.AppStore|ARM.Deploy.0 = Release|ARM
		{B137E088-8D34-4BA1-B0B8-96A7D6A7268D}.AppStore|iPhone.ActiveCfg = Release|x86
		{B137E088-8D34-4BA1-B0B8-96A7D6A7268D}.AppStore|iPhone.Build.0 = Release|x86
		{B137E088-8D34-4BA1-B0B8-96A7D6A7268D}.AppStore|iPhone.Deploy.0 = Release|x86
		{B137E088-8D34-4BA1-B0B8-96A7D6A7268D}.AppStore|iPhoneSimulator.ActiveCfg = Release|x86
		{B137E088-8D34-4BA1-B0B8-96A7D6A7268D}.AppStore|iPhoneSimulator.Build.0 = Release|x86
		{B137E088-8D34-4BA1-B0B8-96A7D6A7268D}.AppStore|iPhoneSimulator.Deploy.0 = Release|x86
		{B137E088-8D34-4BA1-B0B8-96A7D6A7268D}.AppStore|x64.ActiveCfg = Release|x64
		{B137E088-8D34-4BA1-B0B8-96A7D6A7268D}.AppStore|x64.Build.0 = Release|x64
		{B137E088-8D34-4BA1-B0B8-96A7D6A7268D}.AppStore|x64.Deploy.0 = Release|x64
		{B137E088-8D34-4BA1-B0B8-96A7D6A7268D}.AppStore|x86.ActiveCfg = Release|x86
		{B137E088-8D34-4BA1-B0B8-96A7D6A7268D}.AppStore|x86.Build.0 = Release|x86
		{B137E088-8D34-4BA1-B0B8-96A7D6A7268D}.AppStore|x86.Deploy.0 = Release|x86
		{B137E088-8D34-4BA1-B0B8-96A7D6A7268D}.Debug|Any CPU.ActiveCfg = Debug|x86
		{B137E088-8D34-4BA1-B0B8-96A7D6A7268D}.Debug|ARM.ActiveCfg = Debug|ARM
		{B137E088-8D34-4BA1-B0B8-96A7D6A7268D}.Debug|ARM.Build.0 = Debug|ARM
		{B137E088-8D34-4BA1-B0B8-96A7D6A7268D}.Debug|ARM.Deploy.0 = Debug|ARM
		{B137E088-8D34-4BA1-B0B8-96A7D6A7268D}.Debug|iPhone.ActiveCfg = Debug|x86
		{B137E088-8D34-4BA1-B0B8-96A7D6A7268D}.Debug|iPhoneSimulator.ActiveCfg = Debug|x86
		{B137E088-8D34-4BA1-B0B8-96A7D6A7268D}.Debug|x64.ActiveCfg = Debug|x64
		{B137E088-8D34-4BA1-B0B8-96A7D6A7268D}.Debug|x64.Build.0 = Debug|x64
		{B137E088-8D34-4BA1-B0B8-96A7D6A7268D}.Debug|x64.Deploy.0 = Debug|x64
		{B137E088-8D34-4BA1-B0B8-96A7D6A7268D}.Debug|x86.ActiveCfg = Debug|x86
		{B137E088-8D34-4BA1-B0B8-96A7D6A7268D}.Debug|x86.Build.0 = Debug|x86
		{B137E088-8D34-4BA1-B0B8-96A7D6A7268D}.Debug|x86.Deploy.0 = Debug|x86
		{B137E088-8D34-4BA1-B0B8-96A7D6A7268D}.Release|Any CPU.ActiveCfg = Release|x86
		{B137E088-8D34-4BA1-B0B8-96A7D6A7268D}.Release|ARM.ActiveCfg = Release|ARM
		{B137E088-8D34-4BA1-B0B8-96A7D6A7268D}.Release|ARM.Build.0 = Release|ARM
		{B137E088-8D34-4BA1-B0B8-96A7D6A7268D}.Release|ARM.Deploy.0 = Release|ARM
		{B137E088-8D34-4BA1-B0B8-96A7D6A7268D}.Release|iPhone.ActiveCfg = Release|x86
		{B137E088-8D34-4BA1-B0B8-96A7D6A7268D}.Release|iPhoneSimulator.ActiveCfg = Release|x86
		{B137E088-8D34-4BA1-B0B8-96A7D6A7268D}.Release|x64.ActiveCfg = Release|x64
		{B137E088-8D34-4BA1-B0B8-96A7D6A7268D}.Release|x64.Build.0 = Release|x64
		{B137E088-8D34-4BA1-B0B8-96A7D6A7268D}.Release|x64.Deploy.0 = Release|x64
		{B137E088-8D34-4BA1-B0B8-96A7D6A7268D}.Release|x86.ActiveCfg = Release|x86
		{B137E088-8D34-4BA1-B0B8-96A7D6A7268D}.Release|x86.Build.0 = Release|x86
		{B137E088-8D34-4BA1-B0B8-96A7D6A7268D}.Release|x86.Deploy.0 = Release|x86
		{F9D52B70-3290-472D-889C-58835453AF40}.Ad-Hoc|Any CPU.ActiveCfg = Release|Any CPU
		{F9D52B70-3290-472D-889C-58835453AF40}.Ad-Hoc|Any CPU.Build.0 = Release|Any CPU
		{F9D52B70-3290-472D-889C-58835453AF40}.Ad-Hoc|Any CPU.Deploy.0 = Release|Any CPU
		{F9D52B70-3290-472D-889C-58835453AF40}.Ad-Hoc|ARM.ActiveCfg = Release|ARM
		{F9D52B70-3290-472D-889C-58835453AF40}.Ad-Hoc|ARM.Build.0 = Release|ARM
		{F9D52B70-3290-472D-889C-58835453AF40}.Ad-Hoc|ARM.Deploy.0 = Release|ARM
		{F9D52B70-3290-472D-889C-58835453AF40}.Ad-Hoc|iPhone.ActiveCfg = Release|Any CPU
		{F9D52B70-3290-472D-889C-58835453AF40}.Ad-Hoc|iPhone.Build.0 = Release|Any CPU
		{F9D52B70-3290-472D-889C-58835453AF40}.Ad-Hoc|iPhone.Deploy.0 = Release|Any CPU
		{F9D52B70-3290-472D-889C-58835453AF40}.Ad-Hoc|iPhoneSimulator.ActiveCfg = Release|Any CPU
		{F9D52B70-3290-472D-889C-58835453AF40}.Ad-Hoc|iPhoneSimulator.Build.0 = Release|Any CPU
		{F9D52B70-3290-472D-889C-58835453AF40}.Ad-Hoc|iPhoneSimulator.Deploy.0 = Release|Any CPU
		{F9D52B70-3290-472D-889C-58835453AF40}.Ad-Hoc|x64.ActiveCfg = Release|x64
		{F9D52B70-3290-472D-889C-58835453AF40}.Ad-Hoc|x64.Build.0 = Release|x64
		{F9D52B70-3290-472D-889C-58835453AF40}.Ad-Hoc|x64.Deploy.0 = Release|x64
		{F9D52B70-3290-472D-889C-58835453AF40}.Ad-Hoc|x86.ActiveCfg = Release|x86
		{F9D52B70-3290-472D-889C-58835453AF40}.Ad-Hoc|x86.Build.0 = Release|x86
		{F9D52B70-3290-472D-889C-58835453AF40}.Ad-Hoc|x86.Deploy.0 = Release|x86
		{F9D52B70-3290-472D-889C-58835453AF40}.AppStore|Any CPU.ActiveCfg = Release|Any CPU
		{F9D52B70-3290-472D-889C-58835453AF40}.AppStore|Any CPU.Build.0 = Release|Any CPU
		{F9D52B70-3290-472D-889C-58835453AF40}.AppStore|Any CPU.Deploy.0 = Release|Any CPU
		{F9D52B70-3290-472D-889C-58835453AF40}.AppStore|ARM.ActiveCfg = Release|ARM
		{F9D52B70-3290-472D-889C-58835453AF40}.AppStore|ARM.Build.0 = Release|ARM
		{F9D52B70-3290-472D-889C-58835453AF40}.AppStore|ARM.Deploy.0 = Release|ARM
		{F9D52B70-3290-472D-889C-58835453AF40}.AppStore|iPhone.ActiveCfg = Release|Any CPU
		{F9D52B70-3290-472D-889C-58835453AF40}.AppStore|iPhone.Build.0 = Release|Any CPU
		{F9D52B70-3290-472D-889C-58835453AF40}.AppStore|iPhone.Deploy.0 = Release|Any CPU
		{F9D52B70-3290-472D-889C-58835453AF40}.AppStore|iPhoneSimulator.ActiveCfg = Release|Any CPU
		{F9D52B70-3290-472D-889C-58835453AF40}.AppStore|iPhoneSimulator.Build.0 = Release|Any CPU
		{F9D52B70-3290-472D-889C-58835453AF40}.AppStore|iPhoneSimulator.Deploy.0 = Release|Any CPU
		{F9D52B70-3290-472D-889C-58835453AF40}.AppStore|x64.ActiveCfg = Release|x64
		{F9D52B70-3290-472D-889C-58835453AF40}.AppStore|x64.Build.0 = Release|x64
		{F9D52B70-3290-472D-889C-58835453AF40}.AppStore|x64.Deploy.0 = Release|x64
		{F9D52B70-3290-472D-889C-58835453AF40}.AppStore|x86.ActiveCfg = Release|x86
		{F9D52B70-3290-472D-889C-58835453AF40}.AppStore|x86.Build.0 = Release|x86
		{F9D52B70-3290-472D-889C-58835453AF40}.AppStore|x86.Deploy.0 = Release|x86
		{F9D52B70-3290-472D-889C-58835453AF40}.Debug|Any CPU.ActiveCfg = Debug|Any CPU
		{F9D52B70-3290-472D-889C-58835453AF40}.Debug|Any CPU.Build.0 = Debug|Any CPU
		{F9D52B70-3290-472D-889C-58835453AF40}.Debug|Any CPU.Deploy.0 = Debug|Any CPU
		{F9D52B70-3290-472D-889C-58835453AF40}.Debug|ARM.ActiveCfg = Debug|ARM
		{F9D52B70-3290-472D-889C-58835453AF40}.Debug|ARM.Build.0 = Debug|ARM
		{F9D52B70-3290-472D-889C-58835453AF40}.Debug|ARM.Deploy.0 = Debug|ARM
		{F9D52B70-3290-472D-889C-58835453AF40}.Debug|iPhone.ActiveCfg = Debug|Any CPU
		{F9D52B70-3290-472D-889C-58835453AF40}.Debug|iPhone.Build.0 = Debug|Any CPU
		{F9D52B70-3290-472D-889C-58835453AF40}.Debug|iPhone.Deploy.0 = Debug|Any CPU
		{F9D52B70-3290-472D-889C-58835453AF40}.Debug|iPhoneSimulator.ActiveCfg = Debug|Any CPU
		{F9D52B70-3290-472D-889C-58835453AF40}.Debug|iPhoneSimulator.Build.0 = Debug|Any CPU
		{F9D52B70-3290-472D-889C-58835453AF40}.Debug|iPhoneSimulator.Deploy.0 = Debug|Any CPU
		{F9D52B70-3290-472D-889C-58835453AF40}.Debug|x64.ActiveCfg = Debug|x64
		{F9D52B70-3290-472D-889C-58835453AF40}.Debug|x64.Build.0 = Debug|x64
		{F9D52B70-3290-472D-889C-58835453AF40}.Debug|x64.Deploy.0 = Debug|x64
		{F9D52B70-3290-472D-889C-58835453AF40}.Debug|x86.ActiveCfg = Debug|x86
		{F9D52B70-3290-472D-889C-58835453AF40}.Debug|x86.Build.0 = Debug|x86
		{F9D52B70-3290-472D-889C-58835453AF40}.Debug|x86.Deploy.0 = Debug|x86
		{F9D52B70-3290-472D-889C-58835453AF40}.Release|Any CPU.ActiveCfg = Release|Any CPU
		{F9D52B70-3290-472D-889C-58835453AF40}.Release|Any CPU.Build.0 = Release|Any CPU
		{F9D52B70-3290-472D-889C-58835453AF40}.Release|Any CPU.Deploy.0 = Release|Any CPU
		{F9D52B70-3290-472D-889C-58835453AF40}.Release|ARM.ActiveCfg = Release|ARM
		{F9D52B70-3290-472D-889C-58835453AF40}.Release|ARM.Build.0 = Release|ARM
		{F9D52B70-3290-472D-889C-58835453AF40}.Release|ARM.Deploy.0 = Release|ARM
		{F9D52B70-3290-472D-889C-58835453AF40}.Release|iPhone.ActiveCfg = Release|Any CPU
		{F9D52B70-3290-472D-889C-58835453AF40}.Release|iPhone.Build.0 = Release|Any CPU
		{F9D52B70-3290-472D-889C-58835453AF40}.Release|iPhone.Deploy.0 = Release|Any CPU
		{F9D52B70-3290-472D-889C-58835453AF40}.Release|iPhoneSimulator.ActiveCfg = Release|Any CPU
		{F9D52B70-3290-472D-889C-58835453AF40}.Release|iPhoneSimulator.Build.0 = Release|Any CPU
		{F9D52B70-3290-472D-889C-58835453AF40}.Release|iPhoneSimulator.Deploy.0 = Release|Any CPU
		{F9D52B70-3290-472D-889C-58835453AF40}.Release|x64.ActiveCfg = Release|x64
		{F9D52B70-3290-472D-889C-58835453AF40}.Release|x64.Build.0 = Release|x64
		{F9D52B70-3290-472D-889C-58835453AF40}.Release|x64.Deploy.0 = Release|x64
		{F9D52B70-3290-472D-889C-58835453AF40}.Release|x86.ActiveCfg = Release|x86
		{F9D52B70-3290-472D-889C-58835453AF40}.Release|x86.Build.0 = Release|x86
		{F9D52B70-3290-472D-889C-58835453AF40}.Release|x86.Deploy.0 = Release|x86
	EndGlobalSection
	GlobalSection(SolutionProperties) = preSolution
		HideSolutionNode = FALSE
	EndGlobalSection
EndGlobal
